// !$*UTF8*$!
{
	archiveVersion = 1;
	classes = {
	};
	objectVersion = 51;
	objects = {

/* Begin PBXBuildFile section */
		40F900DCC7D3025414168825 /* Pods_FirestoreClient.framework in Frameworks */ = {isa = PBXBuildFile; fileRef = 068651344C1042C0C8D5B44B /* Pods_FirestoreClient.framework */; };
		5D275B9023BE5A11008B1C85 /* QueryKey.swift in Sources */ = {isa = PBXBuildFile; fileRef = 5D275B8F23BE5A11008B1C85 /* QueryKey.swift */; };
		5D275B9223BF5578008B1C85 /* ResultTests.swift in Sources */ = {isa = PBXBuildFile; fileRef = 5D275B9123BF5578008B1C85 /* ResultTests.swift */; };
		5D275B9423BF619B008B1C85 /* CodableTests.swift in Sources */ = {isa = PBXBuildFile; fileRef = 5D275B9323BF619B008B1C85 /* CodableTests.swift */; };
		5D275B9B23BFA5A0008B1C85 /* Commons.swift in Sources */ = {isa = PBXBuildFile; fileRef = 5D275B9923BFA52E008B1C85 /* Commons.swift */; };
		5D275B9F23BFF397008B1C85 /* AbstractRepository.swift in Sources */ = {isa = PBXBuildFile; fileRef = 5D275B9E23BFF397008B1C85 /* AbstractRepository.swift */; };
		5D67B7D5247D3EEA000A979E /* Listener.swift in Sources */ = {isa = PBXBuildFile; fileRef = 5D67B7D4247D3EEA000A979E /* Listener.swift */; };
		5D6EFF1923BCAB2100950162 /* FirestoreClient.framework in Frameworks */ = {isa = PBXBuildFile; fileRef = 5D6EFF0F23BCAB2100950162 /* FirestoreClient.framework */; };
		5D6EFF2023BCAB2100950162 /* FirestoreClient.h in Headers */ = {isa = PBXBuildFile; fileRef = 5D6EFF1223BCAB2100950162 /* FirestoreClient.h */; settings = {ATTRIBUTES = (Public, ); }; };
		5D75DB5723D305FA006A3EC5 /* DefaultRepository.swift in Sources */ = {isa = PBXBuildFile; fileRef = 5D75DB5623D305FA006A3EC5 /* DefaultRepository.swift */; };
		5D75DB6223D32655006A3EC5 /* AbstractRepository+read.swift in Sources */ = {isa = PBXBuildFile; fileRef = 5D75DB6123D32655006A3EC5 /* AbstractRepository+read.swift */; };
		5D75DB6423D32662006A3EC5 /* AbstractRepository+write.swift in Sources */ = {isa = PBXBuildFile; fileRef = 5D75DB6323D32662006A3EC5 /* AbstractRepository+write.swift */; };
		5D7BB4AA23BCC899005CEEC7 /* Commons.swift in Sources */ = {isa = PBXBuildFile; fileRef = 5D7BB4A923BCC899005CEEC7 /* Commons.swift */; };
		5D7BB4B023BCD881005CEEC7 /* QueryBuilder.swift in Sources */ = {isa = PBXBuildFile; fileRef = 5D7BB4AF23BCD881005CEEC7 /* QueryBuilder.swift */; };
		5D7BB4B823BD0880005CEEC7 /* CoreError.swift in Sources */ = {isa = PBXBuildFile; fileRef = 5D7BB4B723BD0880005CEEC7 /* CoreError.swift */; };
		5DB6A7BB23D60452009A611E /* IdentityTests.swift in Sources */ = {isa = PBXBuildFile; fileRef = 5DB6A7BA23D60452009A611E /* IdentityTests.swift */; };
		5DB6A7BE23D604F3009A611E /* Identity.swift in Sources */ = {isa = PBXBuildFile; fileRef = 5DB6A7BC23D6046F009A611E /* Identity.swift */; };
		5DD5B89623CA7640009FA1A4 /* Path.swift in Sources */ = {isa = PBXBuildFile; fileRef = 5DD5B89523CA7640009FA1A4 /* Path.swift */; };
		5DDF8C9723D4C37800CD64C6 /* Entity.swift in Sources */ = {isa = PBXBuildFile; fileRef = 5DDF8C9623D4C37800CD64C6 /* Entity.swift */; };
		9A3375A8AB1EDF0281FE80CD /* Pods_FirestoreClient_FirestoreClientTests.framework in Frameworks */ = {isa = PBXBuildFile; fileRef = D8F38406A925F417D7F19074 /* Pods_FirestoreClient_FirestoreClientTests.framework */; };
/* End PBXBuildFile section */

/* Begin PBXContainerItemProxy section */
		5D6EFF1A23BCAB2100950162 /* PBXContainerItemProxy */ = {
			isa = PBXContainerItemProxy;
			containerPortal = 5D6EFF0623BCAB2100950162 /* Project object */;
			proxyType = 1;
			remoteGlobalIDString = 5D6EFF0E23BCAB2100950162;
			remoteInfo = FirestoreClient;
		};
/* End PBXContainerItemProxy section */

/* Begin PBXFileReference section */
		055D0F0B0FAFF2A5CC0B746D /* Pods-FirestoreClient-FirestoreClientTests.release.xcconfig */ = {isa = PBXFileReference; includeInIndex = 1; lastKnownFileType = text.xcconfig; name = "Pods-FirestoreClient-FirestoreClientTests.release.xcconfig"; path = "Target Support Files/Pods-FirestoreClient-FirestoreClientTests/Pods-FirestoreClient-FirestoreClientTests.release.xcconfig"; sourceTree = "<group>"; };
		068651344C1042C0C8D5B44B /* Pods_FirestoreClient.framework */ = {isa = PBXFileReference; explicitFileType = wrapper.framework; includeInIndex = 0; path = Pods_FirestoreClient.framework; sourceTree = BUILT_PRODUCTS_DIR; };
		29D4AA47843AC80FDAA03DB9 /* Pods-FirestoreClient.debug.xcconfig */ = {isa = PBXFileReference; includeInIndex = 1; lastKnownFileType = text.xcconfig; name = "Pods-FirestoreClient.debug.xcconfig"; path = "Target Support Files/Pods-FirestoreClient/Pods-FirestoreClient.debug.xcconfig"; sourceTree = "<group>"; };
		5D275B8F23BE5A11008B1C85 /* QueryKey.swift */ = {isa = PBXFileReference; lastKnownFileType = sourcecode.swift; path = QueryKey.swift; sourceTree = "<group>"; };
		5D275B9123BF5578008B1C85 /* ResultTests.swift */ = {isa = PBXFileReference; lastKnownFileType = sourcecode.swift; path = ResultTests.swift; sourceTree = "<group>"; };
		5D275B9323BF619B008B1C85 /* CodableTests.swift */ = {isa = PBXFileReference; lastKnownFileType = sourcecode.swift; path = CodableTests.swift; sourceTree = "<group>"; };
		5D275B9923BFA52E008B1C85 /* Commons.swift */ = {isa = PBXFileReference; lastKnownFileType = sourcecode.swift; path = Commons.swift; sourceTree = "<group>"; };
		5D275B9E23BFF397008B1C85 /* AbstractRepository.swift */ = {isa = PBXFileReference; lastKnownFileType = sourcecode.swift; path = AbstractRepository.swift; sourceTree = "<group>"; };
		5D67B7D4247D3EEA000A979E /* Listener.swift */ = {isa = PBXFileReference; lastKnownFileType = sourcecode.swift; path = Listener.swift; sourceTree = "<group>"; };
		5D6EFF0F23BCAB2100950162 /* FirestoreClient.framework */ = {isa = PBXFileReference; explicitFileType = wrapper.framework; includeInIndex = 0; path = FirestoreClient.framework; sourceTree = BUILT_PRODUCTS_DIR; };
		5D6EFF1223BCAB2100950162 /* FirestoreClient.h */ = {isa = PBXFileReference; lastKnownFileType = sourcecode.c.h; path = FirestoreClient.h; sourceTree = "<group>"; };
		5D6EFF1823BCAB2100950162 /* FirestoreClientTests.xctest */ = {isa = PBXFileReference; explicitFileType = wrapper.cfbundle; includeInIndex = 0; path = FirestoreClientTests.xctest; sourceTree = BUILT_PRODUCTS_DIR; };
		5D6EFF2F23BCADFE00950162 /* Package.swift */ = {isa = PBXFileReference; lastKnownFileType = sourcecode.swift; path = Package.swift; sourceTree = "<group>"; };
		5D6EFF3023BCADFE00950162 /* README.md */ = {isa = PBXFileReference; lastKnownFileType = net.daringfireball.markdown; path = README.md; sourceTree = "<group>"; };
		5D6EFF3123BCADFE00950162 /* .gitignore */ = {isa = PBXFileReference; lastKnownFileType = text; path = .gitignore; sourceTree = "<group>"; };
		5D6EFF3223BCADFE00950162 /* FirestoreClient.podspec */ = {isa = PBXFileReference; lastKnownFileType = text; path = FirestoreClient.podspec; sourceTree = "<group>"; };
		5D6EFF3323BCADFE00950162 /* Gemfile */ = {isa = PBXFileReference; lastKnownFileType = text; path = Gemfile; sourceTree = "<group>"; };
		5D6EFF3423BCADFE00950162 /* Podfile */ = {isa = PBXFileReference; explicitFileType = text.script.ruby; path = Podfile; sourceTree = "<group>"; xcLanguageSpecificationIdentifier = xcode.lang.ruby; };
		5D6EFF3523BCADFE00950162 /* LICENSE */ = {isa = PBXFileReference; lastKnownFileType = text; path = LICENSE; sourceTree = "<group>"; };
		5D6EFF3623BCAEBE00950162 /* Fastfile */ = {isa = PBXFileReference; lastKnownFileType = text; name = Fastfile; path = fastlane/Fastfile; sourceTree = "<group>"; };
		5D6EFF3823BCBE6700950162 /* Info.plist */ = {isa = PBXFileReference; fileEncoding = 4; lastKnownFileType = text.plist.xml; path = Info.plist; sourceTree = "<group>"; };
		5D6EFF3A23BCBE8B00950162 /* Info.plist */ = {isa = PBXFileReference; lastKnownFileType = text.plist.xml; path = Info.plist; sourceTree = "<group>"; };
		5D75DB5623D305FA006A3EC5 /* DefaultRepository.swift */ = {isa = PBXFileReference; lastKnownFileType = sourcecode.swift; path = DefaultRepository.swift; sourceTree = "<group>"; };
		5D75DB6123D32655006A3EC5 /* AbstractRepository+read.swift */ = {isa = PBXFileReference; lastKnownFileType = sourcecode.swift; path = "AbstractRepository+read.swift"; sourceTree = "<group>"; };
		5D75DB6323D32662006A3EC5 /* AbstractRepository+write.swift */ = {isa = PBXFileReference; lastKnownFileType = sourcecode.swift; path = "AbstractRepository+write.swift"; sourceTree = "<group>"; };
		5D7BB4A923BCC899005CEEC7 /* Commons.swift */ = {isa = PBXFileReference; lastKnownFileType = sourcecode.swift; path = Commons.swift; sourceTree = "<group>"; };
		5D7BB4AF23BCD881005CEEC7 /* QueryBuilder.swift */ = {isa = PBXFileReference; lastKnownFileType = sourcecode.swift; path = QueryBuilder.swift; sourceTree = "<group>"; };
		5D7BB4B723BD0880005CEEC7 /* CoreError.swift */ = {isa = PBXFileReference; lastKnownFileType = sourcecode.swift; path = CoreError.swift; sourceTree = "<group>"; };
		5DB6A7BA23D60452009A611E /* IdentityTests.swift */ = {isa = PBXFileReference; lastKnownFileType = sourcecode.swift; path = IdentityTests.swift; sourceTree = "<group>"; };
		5DB6A7BC23D6046F009A611E /* Identity.swift */ = {isa = PBXFileReference; lastKnownFileType = sourcecode.swift; path = Identity.swift; sourceTree = "<group>"; };
		5DD5B89523CA7640009FA1A4 /* Path.swift */ = {isa = PBXFileReference; lastKnownFileType = sourcecode.swift; path = Path.swift; sourceTree = "<group>"; };
		5DDF8C9623D4C37800CD64C6 /* Entity.swift */ = {isa = PBXFileReference; lastKnownFileType = sourcecode.swift; path = Entity.swift; sourceTree = "<group>"; };
		D59CEEBBD7443E77A54BF0A4 /* Pods-FirestoreClient-FirestoreClientTests.debug.xcconfig */ = {isa = PBXFileReference; includeInIndex = 1; lastKnownFileType = text.xcconfig; name = "Pods-FirestoreClient-FirestoreClientTests.debug.xcconfig"; path = "Target Support Files/Pods-FirestoreClient-FirestoreClientTests/Pods-FirestoreClient-FirestoreClientTests.debug.xcconfig"; sourceTree = "<group>"; };
		D80ACCBA66595B4A7DD2ED11 /* Pods-FirestoreClient.release.xcconfig */ = {isa = PBXFileReference; includeInIndex = 1; lastKnownFileType = text.xcconfig; name = "Pods-FirestoreClient.release.xcconfig"; path = "Target Support Files/Pods-FirestoreClient/Pods-FirestoreClient.release.xcconfig"; sourceTree = "<group>"; };
		D8F38406A925F417D7F19074 /* Pods_FirestoreClient_FirestoreClientTests.framework */ = {isa = PBXFileReference; explicitFileType = wrapper.framework; includeInIndex = 0; path = Pods_FirestoreClient_FirestoreClientTests.framework; sourceTree = BUILT_PRODUCTS_DIR; };
/* End PBXFileReference section */

/* Begin PBXFrameworksBuildPhase section */
		5D6EFF0C23BCAB2100950162 /* Frameworks */ = {
			isa = PBXFrameworksBuildPhase;
			buildActionMask = 2147483647;
			files = (
				40F900DCC7D3025414168825 /* Pods_FirestoreClient.framework in Frameworks */,
			);
			runOnlyForDeploymentPostprocessing = 0;
		};
		5D6EFF1523BCAB2100950162 /* Frameworks */ = {
			isa = PBXFrameworksBuildPhase;
			buildActionMask = 2147483647;
			files = (
				5D6EFF1923BCAB2100950162 /* FirestoreClient.framework in Frameworks */,
				9A3375A8AB1EDF0281FE80CD /* Pods_FirestoreClient_FirestoreClientTests.framework in Frameworks */,
			);
			runOnlyForDeploymentPostprocessing = 0;
		};
/* End PBXFrameworksBuildPhase section */

/* Begin PBXGroup section */
		1E94A0D4F335F91AEE761932 /* Pods */ = {
			isa = PBXGroup;
			children = (
				29D4AA47843AC80FDAA03DB9 /* Pods-FirestoreClient.debug.xcconfig */,
				D80ACCBA66595B4A7DD2ED11 /* Pods-FirestoreClient.release.xcconfig */,
				D59CEEBBD7443E77A54BF0A4 /* Pods-FirestoreClient-FirestoreClientTests.debug.xcconfig */,
				055D0F0B0FAFF2A5CC0B746D /* Pods-FirestoreClient-FirestoreClientTests.release.xcconfig */,
			);
			path = Pods;
			sourceTree = "<group>";
		};
		50B6509A44D242C03F01A2E0 /* Frameworks */ = {
			isa = PBXGroup;
			children = (
				068651344C1042C0C8D5B44B /* Pods_FirestoreClient.framework */,
				D8F38406A925F417D7F19074 /* Pods_FirestoreClient_FirestoreClientTests.framework */,
			);
			name = Frameworks;
			sourceTree = "<group>";
		};
		5D6EFF0523BCAB2100950162 = {
			isa = PBXGroup;
			children = (
				5D6EFF2E23BCADA300950162 /* Configurations */,
				5D6EFF1123BCAB2100950162 /* Sources */,
				5D6EFF1C23BCAB2100950162 /* Tests */,
				5D6EFF1023BCAB2100950162 /* Products */,
				1E94A0D4F335F91AEE761932 /* Pods */,
				50B6509A44D242C03F01A2E0 /* Frameworks */,
			);
			sourceTree = "<group>";
		};
		5D6EFF1023BCAB2100950162 /* Products */ = {
			isa = PBXGroup;
			children = (
				5D6EFF0F23BCAB2100950162 /* FirestoreClient.framework */,
				5D6EFF1823BCAB2100950162 /* FirestoreClientTests.xctest */,
			);
			name = Products;
			sourceTree = "<group>";
		};
		5D6EFF1123BCAB2100950162 /* Sources */ = {
			isa = PBXGroup;
			children = (
				5D6EFF2A23BCACBF00950162 /* FirestoreClient */,
				5D6EFF2923BCACAD00950162 /* Supporting Files */,
			);
			path = Sources;
			sourceTree = "<group>";
		};
		5D6EFF1C23BCAB2100950162 /* Tests */ = {
			isa = PBXGroup;
			children = (
				5DB6A7BA23D60452009A611E /* IdentityTests.swift */,
				5D275B9323BF619B008B1C85 /* CodableTests.swift */,
				5D275B9123BF5578008B1C85 /* ResultTests.swift */,
				5D275B9923BFA52E008B1C85 /* Commons.swift */,
				5D6EFF3A23BCBE8B00950162 /* Info.plist */,
			);
			path = Tests;
			sourceTree = "<group>";
		};
		5D6EFF2923BCACAD00950162 /* Supporting Files */ = {
			isa = PBXGroup;
			children = (
				5D6EFF3823BCBE6700950162 /* Info.plist */,
				5D6EFF1223BCAB2100950162 /* FirestoreClient.h */,
			);
			path = "Supporting Files";
			sourceTree = "<group>";
		};
		5D6EFF2A23BCACBF00950162 /* FirestoreClient */ = {
			isa = PBXGroup;
			children = (
				5D275B9E23BFF397008B1C85 /* AbstractRepository.swift */,
				5D75DB6123D32655006A3EC5 /* AbstractRepository+read.swift */,
				5D75DB6323D32662006A3EC5 /* AbstractRepository+write.swift */,
				5D75DB5623D305FA006A3EC5 /* DefaultRepository.swift */,
				5DD5B89523CA7640009FA1A4 /* Path.swift */,
				5DDF8C9623D4C37800CD64C6 /* Entity.swift */,
				5D67B7D4247D3EEA000A979E /* Listener.swift */,
				5D275B8F23BE5A11008B1C85 /* QueryKey.swift */,
				5D7BB4AF23BCD881005CEEC7 /* QueryBuilder.swift */,
				5D7BB4B723BD0880005CEEC7 /* CoreError.swift */,
				5DB6A7BC23D6046F009A611E /* Identity.swift */,
				5D7BB4A923BCC899005CEEC7 /* Commons.swift */,
			);
			path = FirestoreClient;
			sourceTree = "<group>";
		};
		5D6EFF2E23BCADA300950162 /* Configurations */ = {
			isa = PBXGroup;
			children = (
				5D6EFF3623BCAEBE00950162 /* Fastfile */,
				5D6EFF2F23BCADFE00950162 /* Package.swift */,
				5D6EFF3123BCADFE00950162 /* .gitignore */,
				5D6EFF3223BCADFE00950162 /* FirestoreClient.podspec */,
				5D6EFF3323BCADFE00950162 /* Gemfile */,
				5D6EFF3423BCADFE00950162 /* Podfile */,
				5D6EFF3523BCADFE00950162 /* LICENSE */,
				5D6EFF3023BCADFE00950162 /* README.md */,
			);
			name = Configurations;
			sourceTree = "<group>";
		};
/* End PBXGroup section */

/* Begin PBXHeadersBuildPhase section */
		5D6EFF0A23BCAB2100950162 /* Headers */ = {
			isa = PBXHeadersBuildPhase;
			buildActionMask = 2147483647;
			files = (
				5D6EFF2023BCAB2100950162 /* FirestoreClient.h in Headers */,
			);
			runOnlyForDeploymentPostprocessing = 0;
		};
/* End PBXHeadersBuildPhase section */

/* Begin PBXNativeTarget section */
		5D6EFF0E23BCAB2100950162 /* FirestoreClient */ = {
			isa = PBXNativeTarget;
			buildConfigurationList = 5D6EFF2323BCAB2100950162 /* Build configuration list for PBXNativeTarget "FirestoreClient" */;
			buildPhases = (
				2D327826A05F33A6AE0E332D /* [CP] Check Pods Manifest.lock */,
				5D6EFF0A23BCAB2100950162 /* Headers */,
				5D6EFF0B23BCAB2100950162 /* Sources */,
				5D6EFF0C23BCAB2100950162 /* Frameworks */,
				5D6EFF0D23BCAB2100950162 /* Resources */,
			);
			buildRules = (
			);
			dependencies = (
			);
			name = FirestoreClient;
			packageProductDependencies = (
			);
			productName = FirestoreClient;
			productReference = 5D6EFF0F23BCAB2100950162 /* FirestoreClient.framework */;
			productType = "com.apple.product-type.framework";
		};
		5D6EFF1723BCAB2100950162 /* FirestoreClientTests */ = {
			isa = PBXNativeTarget;
			buildConfigurationList = 5D6EFF2623BCAB2100950162 /* Build configuration list for PBXNativeTarget "FirestoreClientTests" */;
			buildPhases = (
				3381B43BD735895B747DBBFF /* [CP] Check Pods Manifest.lock */,
				5D6EFF1423BCAB2100950162 /* Sources */,
				5D6EFF1523BCAB2100950162 /* Frameworks */,
				5D6EFF1623BCAB2100950162 /* Resources */,
				C5F7A70FDB11638CCB1C674B /* [CP] Embed Pods Frameworks */,
			);
			buildRules = (
			);
			dependencies = (
				5D6EFF1B23BCAB2100950162 /* PBXTargetDependency */,
			);
			name = FirestoreClientTests;
			productName = FirestoreClientTests;
			productReference = 5D6EFF1823BCAB2100950162 /* FirestoreClientTests.xctest */;
			productType = "com.apple.product-type.bundle.unit-test";
		};
/* End PBXNativeTarget section */

/* Begin PBXProject section */
		5D6EFF0623BCAB2100950162 /* Project object */ = {
			isa = PBXProject;
			attributes = {
				LastSwiftUpdateCheck = 1120;
				LastUpgradeCheck = 1120;
				ORGANIZATIONNAME = "Anas Alhasani";
				TargetAttributes = {
					5D6EFF0E23BCAB2100950162 = {
						CreatedOnToolsVersion = 11.2.1;
						LastSwiftMigration = 1120;
					};
					5D6EFF1723BCAB2100950162 = {
						CreatedOnToolsVersion = 11.2.1;
					};
				};
			};
			buildConfigurationList = 5D6EFF0923BCAB2100950162 /* Build configuration list for PBXProject "FirestoreClient" */;
			compatibilityVersion = "Xcode 9.3";
			developmentRegion = en;
			hasScannedForEncodings = 0;
			knownRegions = (
				en,
				Base,
			);
			mainGroup = 5D6EFF0523BCAB2100950162;
			packageReferences = (
			);
			productRefGroup = 5D6EFF1023BCAB2100950162 /* Products */;
			projectDirPath = "";
			projectRoot = "";
			targets = (
				5D6EFF0E23BCAB2100950162 /* FirestoreClient */,
				5D6EFF1723BCAB2100950162 /* FirestoreClientTests */,
			);
		};
/* End PBXProject section */

/* Begin PBXResourcesBuildPhase section */
		5D6EFF0D23BCAB2100950162 /* Resources */ = {
			isa = PBXResourcesBuildPhase;
			buildActionMask = 2147483647;
			files = (
			);
			runOnlyForDeploymentPostprocessing = 0;
		};
		5D6EFF1623BCAB2100950162 /* Resources */ = {
			isa = PBXResourcesBuildPhase;
			buildActionMask = 2147483647;
			files = (
			);
			runOnlyForDeploymentPostprocessing = 0;
		};
/* End PBXResourcesBuildPhase section */

/* Begin PBXShellScriptBuildPhase section */
		2D327826A05F33A6AE0E332D /* [CP] Check Pods Manifest.lock */ = {
			isa = PBXShellScriptBuildPhase;
			buildActionMask = 2147483647;
			files = (
			);
			inputFileListPaths = (
			);
			inputPaths = (
				"${PODS_PODFILE_DIR_PATH}/Podfile.lock",
				"${PODS_ROOT}/Manifest.lock",
			);
			name = "[CP] Check Pods Manifest.lock";
			outputFileListPaths = (
			);
			outputPaths = (
				"$(DERIVED_FILE_DIR)/Pods-FirestoreClient-checkManifestLockResult.txt",
			);
			runOnlyForDeploymentPostprocessing = 0;
			shellPath = /bin/sh;
			shellScript = "diff \"${PODS_PODFILE_DIR_PATH}/Podfile.lock\" \"${PODS_ROOT}/Manifest.lock\" > /dev/null\nif [ $? != 0 ] ; then\n    # print error to STDERR\n    echo \"error: The sandbox is not in sync with the Podfile.lock. Run 'pod install' or update your CocoaPods installation.\" >&2\n    exit 1\nfi\n# This output is used by Xcode 'outputs' to avoid re-running this script phase.\necho \"SUCCESS\" > \"${SCRIPT_OUTPUT_FILE_0}\"\n";
			showEnvVarsInLog = 0;
		};
		3381B43BD735895B747DBBFF /* [CP] Check Pods Manifest.lock */ = {
			isa = PBXShellScriptBuildPhase;
			buildActionMask = 2147483647;
			files = (
			);
			inputFileListPaths = (
			);
			inputPaths = (
				"${PODS_PODFILE_DIR_PATH}/Podfile.lock",
				"${PODS_ROOT}/Manifest.lock",
			);
			name = "[CP] Check Pods Manifest.lock";
			outputFileListPaths = (
			);
			outputPaths = (
				"$(DERIVED_FILE_DIR)/Pods-FirestoreClient-FirestoreClientTests-checkManifestLockResult.txt",
			);
			runOnlyForDeploymentPostprocessing = 0;
			shellPath = /bin/sh;
			shellScript = "diff \"${PODS_PODFILE_DIR_PATH}/Podfile.lock\" \"${PODS_ROOT}/Manifest.lock\" > /dev/null\nif [ $? != 0 ] ; then\n    # print error to STDERR\n    echo \"error: The sandbox is not in sync with the Podfile.lock. Run 'pod install' or update your CocoaPods installation.\" >&2\n    exit 1\nfi\n# This output is used by Xcode 'outputs' to avoid re-running this script phase.\necho \"SUCCESS\" > \"${SCRIPT_OUTPUT_FILE_0}\"\n";
			showEnvVarsInLog = 0;
		};
		C5F7A70FDB11638CCB1C674B /* [CP] Embed Pods Frameworks */ = {
			isa = PBXShellScriptBuildPhase;
			buildActionMask = 2147483647;
			files = (
			);
			inputFileListPaths = (
				"${PODS_ROOT}/Target Support Files/Pods-FirestoreClient-FirestoreClientTests/Pods-FirestoreClient-FirestoreClientTests-frameworks-${CONFIGURATION}-input-files.xcfilelist",
			);
			name = "[CP] Embed Pods Frameworks";
			outputFileListPaths = (
				"${PODS_ROOT}/Target Support Files/Pods-FirestoreClient-FirestoreClientTests/Pods-FirestoreClient-FirestoreClientTests-frameworks-${CONFIGURATION}-output-files.xcfilelist",
			);
			runOnlyForDeploymentPostprocessing = 0;
			shellPath = /bin/sh;
			shellScript = "\"${PODS_ROOT}/Target Support Files/Pods-FirestoreClient-FirestoreClientTests/Pods-FirestoreClient-FirestoreClientTests-frameworks.sh\"\n";
			showEnvVarsInLog = 0;
		};
/* End PBXShellScriptBuildPhase section */

/* Begin PBXSourcesBuildPhase section */
		5D6EFF0B23BCAB2100950162 /* Sources */ = {
			isa = PBXSourcesBuildPhase;
			buildActionMask = 2147483647;
			files = (
				5D275B9023BE5A11008B1C85 /* QueryKey.swift in Sources */,
				5D7BB4B023BCD881005CEEC7 /* QueryBuilder.swift in Sources */,
				5D7BB4B823BD0880005CEEC7 /* CoreError.swift in Sources */,
				5D275B9F23BFF397008B1C85 /* AbstractRepository.swift in Sources */,
				5D75DB6423D32662006A3EC5 /* AbstractRepository+write.swift in Sources */,
				5DD5B89623CA7640009FA1A4 /* Path.swift in Sources */,
				5DB6A7BE23D604F3009A611E /* Identity.swift in Sources */,
				5D67B7D5247D3EEA000A979E /* Listener.swift in Sources */,
				5DDF8C9723D4C37800CD64C6 /* Entity.swift in Sources */,
				5D75DB6223D32655006A3EC5 /* AbstractRepository+read.swift in Sources */,
				5D7BB4AA23BCC899005CEEC7 /* Commons.swift in Sources */,
				5D75DB5723D305FA006A3EC5 /* DefaultRepository.swift in Sources */,
			);
			runOnlyForDeploymentPostprocessing = 0;
		};
		5D6EFF1423BCAB2100950162 /* Sources */ = {
			isa = PBXSourcesBuildPhase;
			buildActionMask = 2147483647;
			files = (
				5D275B9B23BFA5A0008B1C85 /* Commons.swift in Sources */,
				5D275B9223BF5578008B1C85 /* ResultTests.swift in Sources */,
				5D275B9423BF619B008B1C85 /* CodableTests.swift in Sources */,
				5DB6A7BB23D60452009A611E /* IdentityTests.swift in Sources */,
			);
			runOnlyForDeploymentPostprocessing = 0;
		};
/* End PBXSourcesBuildPhase section */

/* Begin PBXTargetDependency section */
		5D6EFF1B23BCAB2100950162 /* PBXTargetDependency */ = {
			isa = PBXTargetDependency;
			target = 5D6EFF0E23BCAB2100950162 /* FirestoreClient */;
			targetProxy = 5D6EFF1A23BCAB2100950162 /* PBXContainerItemProxy */;
		};
/* End PBXTargetDependency section */

/* Begin XCBuildConfiguration section */
		5D6EFF2123BCAB2100950162 /* Debug */ = {
			isa = XCBuildConfiguration;
			buildSettings = {
				ALWAYS_SEARCH_USER_PATHS = NO;
				CLANG_ANALYZER_NONNULL = YES;
				CLANG_ANALYZER_NUMBER_OBJECT_CONVERSION = YES_AGGRESSIVE;
				CLANG_CXX_LANGUAGE_STANDARD = "gnu++14";
				CLANG_CXX_LIBRARY = "libc++";
				CLANG_ENABLE_MODULES = YES;
				CLANG_ENABLE_OBJC_ARC = YES;
				CLANG_ENABLE_OBJC_WEAK = YES;
				CLANG_WARN_BLOCK_CAPTURE_AUTORELEASING = YES;
				CLANG_WARN_BOOL_CONVERSION = YES;
				CLANG_WARN_COMMA = YES;
				CLANG_WARN_CONSTANT_CONVERSION = YES;
				CLANG_WARN_DEPRECATED_OBJC_IMPLEMENTATIONS = YES;
				CLANG_WARN_DIRECT_OBJC_ISA_USAGE = YES_ERROR;
				CLANG_WARN_DOCUMENTATION_COMMENTS = YES;
				CLANG_WARN_EMPTY_BODY = YES;
				CLANG_WARN_ENUM_CONVERSION = YES;
				CLANG_WARN_INFINITE_RECURSION = YES;
				CLANG_WARN_INT_CONVERSION = YES;
				CLANG_WARN_NON_LITERAL_NULL_CONVERSION = YES;
				CLANG_WARN_OBJC_IMPLICIT_RETAIN_SELF = YES;
				CLANG_WARN_OBJC_LITERAL_CONVERSION = YES;
				CLANG_WARN_OBJC_ROOT_CLASS = YES_ERROR;
				CLANG_WARN_RANGE_LOOP_ANALYSIS = YES;
				CLANG_WARN_STRICT_PROTOTYPES = YES;
				CLANG_WARN_SUSPICIOUS_MOVE = YES;
				CLANG_WARN_UNGUARDED_AVAILABILITY = YES_AGGRESSIVE;
				CLANG_WARN_UNREACHABLE_CODE = YES;
				CLANG_WARN__DUPLICATE_METHOD_MATCH = YES;
				COPY_PHASE_STRIP = NO;
				CURRENT_PROJECT_VERSION = 1;
				DEBUG_INFORMATION_FORMAT = dwarf;
				ENABLE_STRICT_OBJC_MSGSEND = YES;
				ENABLE_TESTABILITY = YES;
				GCC_C_LANGUAGE_STANDARD = gnu11;
				GCC_DYNAMIC_NO_PIC = NO;
				GCC_NO_COMMON_BLOCKS = YES;
				GCC_OPTIMIZATION_LEVEL = 0;
				GCC_PREPROCESSOR_DEFINITIONS = (
					"DEBUG=1",
					"$(inherited)",
				);
				GCC_WARN_64_TO_32_BIT_CONVERSION = YES;
				GCC_WARN_ABOUT_RETURN_TYPE = YES_ERROR;
				GCC_WARN_UNDECLARED_SELECTOR = YES;
				GCC_WARN_UNINITIALIZED_AUTOS = YES_AGGRESSIVE;
				GCC_WARN_UNUSED_FUNCTION = YES;
				GCC_WARN_UNUSED_VARIABLE = YES;
				IPHONEOS_DEPLOYMENT_TARGET = 11.0;
				MTL_ENABLE_DEBUG_INFO = INCLUDE_SOURCE;
				MTL_FAST_MATH = YES;
				ONLY_ACTIVE_ARCH = YES;
				SDKROOT = iphoneos;
				SWIFT_ACTIVE_COMPILATION_CONDITIONS = DEBUG;
				SWIFT_OPTIMIZATION_LEVEL = "-Onone";
				SWIFT_VERSION = 5.0;
				VERSIONING_SYSTEM = "apple-generic";
				VERSION_INFO_PREFIX = "";
			};
			name = Debug;
		};
		5D6EFF2223BCAB2100950162 /* Release */ = {
			isa = XCBuildConfiguration;
			buildSettings = {
				ALWAYS_SEARCH_USER_PATHS = NO;
				CLANG_ANALYZER_NONNULL = YES;
				CLANG_ANALYZER_NUMBER_OBJECT_CONVERSION = YES_AGGRESSIVE;
				CLANG_CXX_LANGUAGE_STANDARD = "gnu++14";
				CLANG_CXX_LIBRARY = "libc++";
				CLANG_ENABLE_MODULES = YES;
				CLANG_ENABLE_OBJC_ARC = YES;
				CLANG_ENABLE_OBJC_WEAK = YES;
				CLANG_WARN_BLOCK_CAPTURE_AUTORELEASING = YES;
				CLANG_WARN_BOOL_CONVERSION = YES;
				CLANG_WARN_COMMA = YES;
				CLANG_WARN_CONSTANT_CONVERSION = YES;
				CLANG_WARN_DEPRECATED_OBJC_IMPLEMENTATIONS = YES;
				CLANG_WARN_DIRECT_OBJC_ISA_USAGE = YES_ERROR;
				CLANG_WARN_DOCUMENTATION_COMMENTS = YES;
				CLANG_WARN_EMPTY_BODY = YES;
				CLANG_WARN_ENUM_CONVERSION = YES;
				CLANG_WARN_INFINITE_RECURSION = YES;
				CLANG_WARN_INT_CONVERSION = YES;
				CLANG_WARN_NON_LITERAL_NULL_CONVERSION = YES;
				CLANG_WARN_OBJC_IMPLICIT_RETAIN_SELF = YES;
				CLANG_WARN_OBJC_LITERAL_CONVERSION = YES;
				CLANG_WARN_OBJC_ROOT_CLASS = YES_ERROR;
				CLANG_WARN_RANGE_LOOP_ANALYSIS = YES;
				CLANG_WARN_STRICT_PROTOTYPES = YES;
				CLANG_WARN_SUSPICIOUS_MOVE = YES;
				CLANG_WARN_UNGUARDED_AVAILABILITY = YES_AGGRESSIVE;
				CLANG_WARN_UNREACHABLE_CODE = YES;
				CLANG_WARN__DUPLICATE_METHOD_MATCH = YES;
				COPY_PHASE_STRIP = NO;
				CURRENT_PROJECT_VERSION = 1;
				DEBUG_INFORMATION_FORMAT = "dwarf-with-dsym";
				ENABLE_NS_ASSERTIONS = NO;
				ENABLE_STRICT_OBJC_MSGSEND = YES;
				GCC_C_LANGUAGE_STANDARD = gnu11;
				GCC_NO_COMMON_BLOCKS = YES;
				GCC_WARN_64_TO_32_BIT_CONVERSION = YES;
				GCC_WARN_ABOUT_RETURN_TYPE = YES_ERROR;
				GCC_WARN_UNDECLARED_SELECTOR = YES;
				GCC_WARN_UNINITIALIZED_AUTOS = YES_AGGRESSIVE;
				GCC_WARN_UNUSED_FUNCTION = YES;
				GCC_WARN_UNUSED_VARIABLE = YES;
				IPHONEOS_DEPLOYMENT_TARGET = 11.0;
				MTL_ENABLE_DEBUG_INFO = NO;
				MTL_FAST_MATH = YES;
				SDKROOT = iphoneos;
				SWIFT_COMPILATION_MODE = wholemodule;
				SWIFT_OPTIMIZATION_LEVEL = "-O";
				SWIFT_VERSION = 5.0;
				VALIDATE_PRODUCT = YES;
				VERSIONING_SYSTEM = "apple-generic";
				VERSION_INFO_PREFIX = "";
			};
			name = Release;
		};
		5D6EFF2423BCAB2100950162 /* Debug */ = {
			isa = XCBuildConfiguration;
			baseConfigurationReference = 29D4AA47843AC80FDAA03DB9 /* Pods-FirestoreClient.debug.xcconfig */;
			buildSettings = {
				CLANG_ENABLE_MODULES = YES;
				CODE_SIGN_STYLE = Automatic;
				DEFINES_MODULE = YES;
				DEVELOPMENT_TEAM = 298NDPSP4M;
				DYLIB_COMPATIBILITY_VERSION = 1;
				DYLIB_CURRENT_VERSION = 1;
				DYLIB_INSTALL_NAME_BASE = "@rpath";
				INFOPLIST_FILE = "Sources/Supporting Files/Info.plist";
				INSTALL_PATH = "$(LOCAL_LIBRARY_DIR)/Frameworks";
				LD_RUNPATH_SEARCH_PATHS = (
					"$(inherited)",
					"@executable_path/Frameworks",
					"@loader_path/Frameworks",
				);
				PRODUCT_BUNDLE_IDENTIFIER = com.anasalhasani.FirestoreClient;
				PRODUCT_NAME = "$(TARGET_NAME:c99extidentifier)";
				SKIP_INSTALL = YES;
				SWIFT_OPTIMIZATION_LEVEL = "-Onone";
				SWIFT_VERSION = 5.0;
				TARGETED_DEVICE_FAMILY = "1,2";
			};
			name = Debug;
		};
		5D6EFF2523BCAB2100950162 /* Release */ = {
			isa = XCBuildConfiguration;
			baseConfigurationReference = D80ACCBA66595B4A7DD2ED11 /* Pods-FirestoreClient.release.xcconfig */;
			buildSettings = {
				CLANG_ENABLE_MODULES = YES;
				CODE_SIGN_STYLE = Automatic;
				DEFINES_MODULE = YES;
				DEVELOPMENT_TEAM = 298NDPSP4M;
				DYLIB_COMPATIBILITY_VERSION = 1;
				DYLIB_CURRENT_VERSION = 1;
				DYLIB_INSTALL_NAME_BASE = "@rpath";
				INFOPLIST_FILE = "Sources/Supporting Files/Info.plist";
				INSTALL_PATH = "$(LOCAL_LIBRARY_DIR)/Frameworks";
				LD_RUNPATH_SEARCH_PATHS = (
					"$(inherited)",
					"@executable_path/Frameworks",
					"@loader_path/Frameworks",
				);
				PRODUCT_BUNDLE_IDENTIFIER = com.anasalhasani.FirestoreClient;
				PRODUCT_NAME = "$(TARGET_NAME:c99extidentifier)";
				SKIP_INSTALL = YES;
				SWIFT_VERSION = 5.0;
				TARGETED_DEVICE_FAMILY = "1,2";
			};
			name = Release;
		};
		5D6EFF2723BCAB2100950162 /* Debug */ = {
			isa = XCBuildConfiguration;
			baseConfigurationReference = D59CEEBBD7443E77A54BF0A4 /* Pods-FirestoreClient-FirestoreClientTests.debug.xcconfig */;
			buildSettings = {
				CODE_SIGN_STYLE = Automatic;
				DEVELOPMENT_TEAM = 298NDPSP4M;
				INFOPLIST_FILE = Tests/Info.plist;
				LD_RUNPATH_SEARCH_PATHS = (
					"$(inherited)",
					"@executable_path/Frameworks",
					"@loader_path/Frameworks",
				);
				PRODUCT_BUNDLE_IDENTIFIER = com.anasalhasani.FirestoreClientTests;
				PRODUCT_NAME = "$(TARGET_NAME)";
				SWIFT_VERSION = 5.0;
				TARGETED_DEVICE_FAMILY = "1,2";
			};
			name = Debug;
		};
		5D6EFF2823BCAB2100950162 /* Release */ = {
			isa = XCBuildConfiguration;
			baseConfigurationReference = 055D0F0B0FAFF2A5CC0B746D /* Pods-FirestoreClient-FirestoreClientTests.release.xcconfig */;
			buildSettings = {
				CODE_SIGN_STYLE = Automatic;
				DEVELOPMENT_TEAM = 298NDPSP4M;
				INFOPLIST_FILE = Tests/Info.plist;
				LD_RUNPATH_SEARCH_PATHS = (
					"$(inherited)",
					"@executable_path/Frameworks",
					"@loader_path/Frameworks",
				);
				PRODUCT_BUNDLE_IDENTIFIER = com.anasalhasani.FirestoreClientTests;
				PRODUCT_NAME = "$(TARGET_NAME)";
				SWIFT_VERSION = 5.0;
				TARGETED_DEVICE_FAMILY = "1,2";
			};
			name = Release;
		};
/* End XCBuildConfiguration section */

/* Begin XCConfigurationList section */
		5D6EFF0923BCAB2100950162 /* Build configuration list for PBXProject "FirestoreClient" */ = {
			isa = XCConfigurationList;
			buildConfigurations = (
				5D6EFF2123BCAB2100950162 /* Debug */,
				5D6EFF2223BCAB2100950162 /* Release */,
			);
			defaultConfigurationIsVisible = 0;
			defaultConfigurationName = Release;
		};
		5D6EFF2323BCAB2100950162 /* Build configuration list for PBXNativeTarget "FirestoreClient" */ = {
			isa = XCConfigurationList;
			buildConfigurations = (
				5D6EFF2423BCAB2100950162 /* Debug */,
				5D6EFF2523BCAB2100950162 /* Release */,
			);
			defaultConfigurationIsVisible = 0;
			defaultConfigurationName = Release;
		};
		5D6EFF2623BCAB2100950162 /* Build configuration list for PBXNativeTarget "FirestoreClientTests" */ = {
			isa = XCConfigurationList;
			buildConfigurations = (
				5D6EFF2723BCAB2100950162 /* Debug */,
				5D6EFF2823BCAB2100950162 /* Release */,
			);
			defaultConfigurationIsVisible = 0;
			defaultConfigurationName = Release;
		};
/* End XCConfigurationList section */
	};
	rootObject = 5D6EFF0623BCAB2100950162 /* Project object */;
}
